// !$*UTF8*$!
{
	archiveVersion = 1;
	classes = {
	};
	objectVersion = 50;
	objects = {

/* Begin PBXBuildFile section */
		B1A89A7927149018000B7F11 /* AppDelegate.swift in Sources */ = {isa = PBXBuildFile; fileRef = B1A89A7827149018000B7F11 /* AppDelegate.swift */; };
		B1A89A7B27149018000B7F11 /* SceneDelegate.swift in Sources */ = {isa = PBXBuildFile; fileRef = B1A89A7A27149018000B7F11 /* SceneDelegate.swift */; };
		B1A89A7D27149018000B7F11 /* ViewController.swift in Sources */ = {isa = PBXBuildFile; fileRef = B1A89A7C27149018000B7F11 /* ViewController.swift */; };
		B1A89A8027149018000B7F11 /* Main.storyboard in Resources */ = {isa = PBXBuildFile; fileRef = B1A89A7E27149018000B7F11 /* Main.storyboard */; };
		B1A89A822714901A000B7F11 /* Assets.xcassets in Resources */ = {isa = PBXBuildFile; fileRef = B1A89A812714901A000B7F11 /* Assets.xcassets */; };
		B1A89A852714901A000B7F11 /* LaunchScreen.storyboard in Resources */ = {isa = PBXBuildFile; fileRef = B1A89A832714901A000B7F11 /* LaunchScreen.storyboard */; };
		B1A89A902714901A000B7F11 /* newsAppTests.swift in Sources */ = {isa = PBXBuildFile; fileRef = B1A89A8F2714901A000B7F11 /* newsAppTests.swift */; };
		B1A89A9B2714901A000B7F11 /* newsAppUITests.swift in Sources */ = {isa = PBXBuildFile; fileRef = B1A89A9A2714901A000B7F11 /* newsAppUITests.swift */; };
/* End PBXBuildFile section */

/* Begin PBXContainerItemProxy section */
		B1A89A8C2714901A000B7F11 /* PBXContainerItemProxy */ = {
			isa = PBXContainerItemProxy;
			containerPortal = B1A89A6D27149018000B7F11 /* Project object */;
			proxyType = 1;
			remoteGlobalIDString = B1A89A7427149018000B7F11;
			remoteInfo = newsApp;
		};
		B1A89A972714901A000B7F11 /* PBXContainerItemProxy */ = {
			isa = PBXContainerItemProxy;
			containerPortal = B1A89A6D27149018000B7F11 /* Project object */;
			proxyType = 1;
			remoteGlobalIDString = B1A89A7427149018000B7F11;
			remoteInfo = newsApp;
		};
/* End PBXContainerItemProxy section */

/* Begin PBXFileReference section */
		B1A89A7527149018000B7F11 /* newsApp.app */ = {isa = PBXFileReference; explicitFileType = wrapper.application; includeInIndex = 0; path = newsApp.app; sourceTree = BUILT_PRODUCTS_DIR; };
		B1A89A7827149018000B7F11 /* AppDelegate.swift */ = {isa = PBXFileReference; lastKnownFileType = sourcecode.swift; path = AppDelegate.swift; sourceTree = "<group>"; };
		B1A89A7A27149018000B7F11 /* SceneDelegate.swift */ = {isa = PBXFileReference; lastKnownFileType = sourcecode.swift; path = SceneDelegate.swift; sourceTree = "<group>"; };
		B1A89A7C27149018000B7F11 /* ViewController.swift */ = {isa = PBXFileReference; lastKnownFileType = sourcecode.swift; path = ViewController.swift; sourceTree = "<group>"; };
		B1A89A7F27149018000B7F11 /* Base */ = {isa = PBXFileReference; lastKnownFileType = file.storyboard; name = Base; path = Base.lproj/Main.storyboard; sourceTree = "<group>"; };
		B1A89A812714901A000B7F11 /* Assets.xcassets */ = {isa = PBXFileReference; lastKnownFileType = folder.assetcatalog; path = Assets.xcassets; sourceTree = "<group>"; };
		B1A89A842714901A000B7F11 /* Base */ = {isa = PBXFileReference; lastKnownFileType = file.storyboard; name = Base; path = Base.lproj/LaunchScreen.storyboard; sourceTree = "<group>"; };
		B1A89A862714901A000B7F11 /* Info.plist */ = {isa = PBXFileReference; lastKnownFileType = text.plist.xml; path = Info.plist; sourceTree = "<group>"; };
		B1A89A8B2714901A000B7F11 /* newsAppTests.xctest */ = {isa = PBXFileReference; explicitFileType = wrapper.cfbundle; includeInIndex = 0; path = newsAppTests.xctest; sourceTree = BUILT_PRODUCTS_DIR; };
		B1A89A8F2714901A000B7F11 /* newsAppTests.swift */ = {isa = PBXFileReference; lastKnownFileType = sourcecode.swift; path = newsAppTests.swift; sourceTree = "<group>"; };
		B1A89A912714901A000B7F11 /* Info.plist */ = {isa = PBXFileReference; lastKnownFileType = text.plist.xml; path = Info.plist; sourceTree = "<group>"; };
		B1A89A962714901A000B7F11 /* newsAppUITests.xctest */ = {isa = PBXFileReference; explicitFileType = wrapper.cfbundle; includeInIndex = 0; path = newsAppUITests.xctest; sourceTree = BUILT_PRODUCTS_DIR; };
		B1A89A9A2714901A000B7F11 /* newsAppUITests.swift */ = {isa = PBXFileReference; lastKnownFileType = sourcecode.swift; path = newsAppUITests.swift; sourceTree = "<group>"; };
		B1A89A9C2714901A000B7F11 /* Info.plist */ = {isa = PBXFileReference; lastKnownFileType = text.plist.xml; path = Info.plist; sourceTree = "<group>"; };
/* End PBXFileReference section */

/* Begin PBXFrameworksBuildPhase section */
		B1A89A7227149018000B7F11 /* Frameworks */ = {
			isa = PBXFrameworksBuildPhase;
			buildActionMask = 2147483647;
			files = (
			);
			runOnlyForDeploymentPostprocessing = 0;
		};
		B1A89A882714901A000B7F11 /* Frameworks */ = {
			isa = PBXFrameworksBuildPhase;
			buildActionMask = 2147483647;
			files = (
			);
			runOnlyForDeploymentPostprocessing = 0;
		};
		B1A89A932714901A000B7F11 /* Frameworks */ = {
			isa = PBXFrameworksBuildPhase;
			buildActionMask = 2147483647;
			files = (
			);
			runOnlyForDeploymentPostprocessing = 0;
		};
/* End PBXFrameworksBuildPhase section */

/* Begin PBXGroup section */
		B1A89A6C27149018000B7F11 = {
			isa = PBXGroup;
			children = (
				B1A89A7727149018000B7F11 /* newsApp */,
				B1A89A8E2714901A000B7F11 /* newsAppTests */,
				B1A89A992714901A000B7F11 /* newsAppUITests */,
				B1A89A7627149018000B7F11 /* Products */,
			);
			sourceTree = "<group>";
		};
		B1A89A7627149018000B7F11 /* Products */ = {
			isa = PBXGroup;
			children = (
				B1A89A7527149018000B7F11 /* newsApp.app */,
				B1A89A8B2714901A000B7F11 /* newsAppTests.xctest */,
				B1A89A962714901A000B7F11 /* newsAppUITests.xctest */,
			);
			name = Products;
			sourceTree = "<group>";
		};
		B1A89A7727149018000B7F11 /* newsApp */ = {
			isa = PBXGroup;
			children = (
				B1A89A7827149018000B7F11 /* AppDelegate.swift */,
				B1A89A7A27149018000B7F11 /* SceneDelegate.swift */,
				B1A89A7C27149018000B7F11 /* ViewController.swift */,
				B1A89A7E27149018000B7F11 /* Main.storyboard */,
				B1A89A812714901A000B7F11 /* Assets.xcassets */,
				B1A89A832714901A000B7F11 /* LaunchScreen.storyboard */,
				B1A89A862714901A000B7F11 /* Info.plist */,
			);
			path = newsApp;
			sourceTree = "<group>";
		};
		B1A89A8E2714901A000B7F11 /* newsAppTests */ = {
			isa = PBXGroup;
			children = (
				B1A89A8F2714901A000B7F11 /* newsAppTests.swift */,
				B1A89A912714901A000B7F11 /* Info.plist */,
			);
			path = newsAppTests;
			sourceTree = "<group>";
		};
		B1A89A992714901A000B7F11 /* newsAppUITests */ = {
			isa = PBXGroup;
			children = (
				B1A89A9A2714901A000B7F11 /* newsAppUITests.swift */,
				B1A89A9C2714901A000B7F11 /* Info.plist */,
			);
			path = newsAppUITests;
			sourceTree = "<group>";
		};
/* End PBXGroup section */

/* Begin PBXNativeTarget section */
		B1A89A7427149018000B7F11 /* newsApp */ = {
			isa = PBXNativeTarget;
			buildConfigurationList = B1A89A9F2714901A000B7F11 /* Build configuration list for PBXNativeTarget "newsApp" */;
			buildPhases = (
				B1A89A7127149018000B7F11 /* Sources */,
				B1A89A7227149018000B7F11 /* Frameworks */,
				B1A89A7327149018000B7F11 /* Resources */,
			);
			buildRules = (
			);
			dependencies = (
			);
			name = newsApp;
			productName = newsApp;
			productReference = B1A89A7527149018000B7F11 /* newsApp.app */;
			productType = "com.apple.product-type.application";
		};
		B1A89A8A2714901A000B7F11 /* newsAppTests */ = {
			isa = PBXNativeTarget;
			buildConfigurationList = B1A89AA22714901A000B7F11 /* Build configuration list for PBXNativeTarget "newsAppTests" */;
			buildPhases = (
				B1A89A872714901A000B7F11 /* Sources */,
				B1A89A882714901A000B7F11 /* Frameworks */,
				B1A89A892714901A000B7F11 /* Resources */,
			);
			buildRules = (
			);
			dependencies = (
				B1A89A8D2714901A000B7F11 /* PBXTargetDependency */,
			);
			name = newsAppTests;
			productName = newsAppTests;
			productReference = B1A89A8B2714901A000B7F11 /* newsAppTests.xctest */;
			productType = "com.apple.product-type.bundle.unit-test";
		};
		B1A89A952714901A000B7F11 /* newsAppUITests */ = {
			isa = PBXNativeTarget;
			buildConfigurationList = B1A89AA52714901A000B7F11 /* Build configuration list for PBXNativeTarget "newsAppUITests" */;
			buildPhases = (
				B1A89A922714901A000B7F11 /* Sources */,
				B1A89A932714901A000B7F11 /* Frameworks */,
				B1A89A942714901A000B7F11 /* Resources */,
			);
			buildRules = (
			);
			dependencies = (
				B1A89A982714901A000B7F11 /* PBXTargetDependency */,
			);
			name = newsAppUITests;
			productName = newsAppUITests;
			productReference = B1A89A962714901A000B7F11 /* newsAppUITests.xctest */;
			productType = "com.apple.product-type.bundle.ui-testing";
		};
/* End PBXNativeTarget section */

/* Begin PBXProject section */
		B1A89A6D27149018000B7F11 /* Project object */ = {
			isa = PBXProject;
			attributes = {
				LastSwiftUpdateCheck = 1250;
				LastUpgradeCheck = 1250;
				TargetAttributes = {
					B1A89A7427149018000B7F11 = {
						CreatedOnToolsVersion = 12.5.1;
					};
					B1A89A8A2714901A000B7F11 = {
						CreatedOnToolsVersion = 12.5.1;
						TestTargetID = B1A89A7427149018000B7F11;
					};
					B1A89A952714901A000B7F11 = {
						CreatedOnToolsVersion = 12.5.1;
						TestTargetID = B1A89A7427149018000B7F11;
					};
				};
			};
			buildConfigurationList = B1A89A7027149018000B7F11 /* Build configuration list for PBXProject "newsApp" */;
			compatibilityVersion = "Xcode 9.3";
			developmentRegion = en;
			hasScannedForEncodings = 0;
			knownRegions = (
				en,
				Base,
			);
			mainGroup = B1A89A6C27149018000B7F11;
			productRefGroup = B1A89A7627149018000B7F11 /* Products */;
			projectDirPath = "";
			projectRoot = "";
			targets = (
				B1A89A7427149018000B7F11 /* newsApp */,
				B1A89A8A2714901A000B7F11 /* newsAppTests */,
				B1A89A952714901A000B7F11 /* newsAppUITests */,
			);
		};
/* End PBXProject section */

/* Begin PBXResourcesBuildPhase section */
		B1A89A7327149018000B7F11 /* Resources */ = {
			isa = PBXResourcesBuildPhase;
			buildActionMask = 2147483647;
			files = (
				B1A89A852714901A000B7F11 /* LaunchScreen.storyboard in Resources */,
				B1A89A822714901A000B7F11 /* Assets.xcassets in Resources */,
				B1A89A8027149018000B7F11 /* Main.storyboard in Resources */,
			);
			runOnlyForDeploymentPostprocessing = 0;
		};
		B1A89A892714901A000B7F11 /* Resources */ = {
			isa = PBXResourcesBuildPhase;
			buildActionMask = 2147483647;
			files = (
			);
			runOnlyForDeploymentPostprocessing = 0;
		};
		B1A89A942714901A000B7F11 /* Resources */ = {
			isa = PBXResourcesBuildPhase;
			buildActionMask = 2147483647;
			files = (
			);
			runOnlyForDeploymentPostprocessing = 0;
		};
/* End PBXResourcesBuildPhase section */

/* Begin PBXSourcesBuildPhase section */
		B1A89A7127149018000B7F11 /* Sources */ = {
			isa = PBXSourcesBuildPhase;
			buildActionMask = 2147483647;
			files = (
				B1A89A7D27149018000B7F11 /* ViewController.swift in Sources */,
				B1A89A7927149018000B7F11 /* AppDelegate.swift in Sources */,
				B1A89A7B27149018000B7F11 /* SceneDelegate.swift in Sources */,
			);
			runOnlyForDeploymentPostprocessing = 0;
		};
		B1A89A872714901A000B7F11 /* Sources */ = {
			isa = PBXSourcesBuildPhase;
			buildActionMask = 2147483647;
			files = (
				B1A89A902714901A000B7F11 /* newsAppTests.swift in Sources */,
			);
			runOnlyForDeploymentPostprocessing = 0;
		};
		B1A89A922714901A000B7F11 /* Sources */ = {
			isa = PBXSourcesBuildPhase;
			buildActionMask = 2147483647;
			files = (
				B1A89A9B2714901A000B7F11 /* newsAppUITests.swift in Sources */,
			);
			runOnlyForDeploymentPostprocessing = 0;
		};
/* End PBXSourcesBuildPhase section */

/* Begin PBXTargetDependency section */
		B1A89A8D2714901A000B7F11 /* PBXTargetDependency */ = {
			isa = PBXTargetDependency;
			target = B1A89A7427149018000B7F11 /* newsApp */;
			targetProxy = B1A89A8C2714901A000B7F11 /* PBXContainerItemProxy */;
		};
		B1A89A982714901A000B7F11 /* PBXTargetDependency */ = {
			isa = PBXTargetDependency;
			target = B1A89A7427149018000B7F11 /* newsApp */;
			targetProxy = B1A89A972714901A000B7F11 /* PBXContainerItemProxy */;
		};
/* End PBXTargetDependency section */

/* Begin PBXVariantGroup section */
		B1A89A7E27149018000B7F11 /* Main.storyboard */ = {
			isa = PBXVariantGroup;
			children = (
				B1A89A7F27149018000B7F11 /* Base */,
			);
			name = Main.storyboard;
			sourceTree = "<group>";
		};
		B1A89A832714901A000B7F11 /* LaunchScreen.storyboard */ = {
			isa = PBXVariantGroup;
			children = (
				B1A89A842714901A000B7F11 /* Base */,
			);
			name = LaunchScreen.storyboard;
			sourceTree = "<group>";
		};
/* End PBXVariantGroup section */

/* Begin XCBuildConfiguration section */
		B1A89A9D2714901A000B7F11 /* Debug */ = {
			isa = XCBuildConfiguration;
			buildSettings = {
				ALWAYS_SEARCH_USER_PATHS = NO;
				CLANG_ANALYZER_NONNULL = YES;
				CLANG_ANALYZER_NUMBER_OBJECT_CONVERSION = YES_AGGRESSIVE;
				CLANG_CXX_LANGUAGE_STANDARD = "gnu++14";
				CLANG_CXX_LIBRARY = "libc++";
				CLANG_ENABLE_MODULES = YES;
				CLANG_ENABLE_OBJC_ARC = YES;
				CLANG_ENABLE_OBJC_WEAK = YES;
				CLANG_WARN_BLOCK_CAPTURE_AUTORELEASING = YES;
				CLANG_WARN_BOOL_CONVERSION = YES;
				CLANG_WARN_COMMA = YES;
				CLANG_WARN_CONSTANT_CONVERSION = YES;
				CLANG_WARN_DEPRECATED_OBJC_IMPLEMENTATIONS = YES;
				CLANG_WARN_DIRECT_OBJC_ISA_USAGE = YES_ERROR;
				CLANG_WARN_DOCUMENTATION_COMMENTS = YES;
				CLANG_WARN_EMPTY_BODY = YES;
				CLANG_WARN_ENUM_CONVERSION = YES;
				CLANG_WARN_INFINITE_RECURSION = YES;
				CLANG_WARN_INT_CONVERSION = YES;
				CLANG_WARN_NON_LITERAL_NULL_CONVERSION = YES;
				CLANG_WARN_OBJC_IMPLICIT_RETAIN_SELF = YES;
				CLANG_WARN_OBJC_LITERAL_CONVERSION = YES;
				CLANG_WARN_OBJC_ROOT_CLASS = YES_ERROR;
				CLANG_WARN_QUOTED_INCLUDE_IN_FRAMEWORK_HEADER = YES;
				CLANG_WARN_RANGE_LOOP_ANALYSIS = YES;
				CLANG_WARN_STRICT_PROTOTYPES = YES;
				CLANG_WARN_SUSPICIOUS_MOVE = YES;
				CLANG_WARN_UNGUARDED_AVAILABILITY = YES_AGGRESSIVE;
				CLANG_WARN_UNREACHABLE_CODE = YES;
				CLANG_WARN__DUPLICATE_METHOD_MATCH = YES;
				COPY_PHASE_STRIP = NO;
				DEBUG_INFORMATION_FORMAT = dwarf;
				ENABLE_STRICT_OBJC_MSGSEND = YES;
				ENABLE_TESTABILITY = YES;
				GCC_C_LANGUAGE_STANDARD = gnu11;
				GCC_DYNAMIC_NO_PIC = NO;
				GCC_NO_COMMON_BLOCKS = YES;
				GCC_OPTIMIZATION_LEVEL = 0;
				GCC_PREPROCESSOR_DEFINITIONS = (
					"DEBUG=1",
					"$(inherited)",
				);
				GCC_WARN_64_TO_32_BIT_CONVERSION = YES;
				GCC_WARN_ABOUT_RETURN_TYPE = YES_ERROR;
				GCC_WARN_UNDECLARED_SELECTOR = YES;
				GCC_WARN_UNINITIALIZED_AUTOS = YES_AGGRESSIVE;
				GCC_WARN_UNUSED_FUNCTION = YES;
				GCC_WARN_UNUSED_VARIABLE = YES;
				IPHONEOS_DEPLOYMENT_TARGET = 14.5;
				MTL_ENABLE_DEBUG_INFO = INCLUDE_SOURCE;
				MTL_FAST_MATH = YES;
				ONLY_ACTIVE_ARCH = YES;
				SDKROOT = iphoneos;
				SWIFT_ACTIVE_COMPILATION_CONDITIONS = DEBUG;
				SWIFT_OPTIMIZATION_LEVEL = "-Onone";
			};
			name = Debug;
		};
		B1A89A9E2714901A000B7F11 /* Release */ = {
			isa = XCBuildConfiguration;
			buildSettings = {
				ALWAYS_SEARCH_USER_PATHS = NO;
				CLANG_ANALYZER_NONNULL = YES;
				CLANG_ANALYZER_NUMBER_OBJECT_CONVERSION = YES_AGGRESSIVE;
				CLANG_CXX_LANGUAGE_STANDARD = "gnu++14";
				CLANG_CXX_LIBRARY = "libc++";
				CLANG_ENABLE_MODULES = YES;
				CLANG_ENABLE_OBJC_ARC = YES;
				CLANG_ENABLE_OBJC_WEAK = YES;
				CLANG_WARN_BLOCK_CAPTURE_AUTORELEASING = YES;
				CLANG_WARN_BOOL_CONVERSION = YES;
				CLANG_WARN_COMMA = YES;
				CLANG_WARN_CONSTANT_CONVERSION = YES;
				CLANG_WARN_DEPRECATED_OBJC_IMPLEMENTATIONS = YES;
				CLANG_WARN_DIRECT_OBJC_ISA_USAGE = YES_ERROR;
				CLANG_WARN_DOCUMENTATION_COMMENTS = YES;
				CLANG_WARN_EMPTY_BODY = YES;
				CLANG_WARN_ENUM_CONVERSION = YES;
				CLANG_WARN_INFINITE_RECURSION = YES;
				CLANG_WARN_INT_CONVERSION = YES;
				CLANG_WARN_NON_LITERAL_NULL_CONVERSION = YES;
				CLANG_WARN_OBJC_IMPLICIT_RETAIN_SELF = YES;
				CLANG_WARN_OBJC_LITERAL_CONVERSION = YES;
				CLANG_WARN_OBJC_ROOT_CLASS = YES_ERROR;
				CLANG_WARN_QUOTED_INCLUDE_IN_FRAMEWORK_HEADER = YES;
				CLANG_WARN_RANGE_LOOP_ANALYSIS = YES;
				CLANG_WARN_STRICT_PROTOTYPES = YES;
				CLANG_WARN_SUSPICIOUS_MOVE = YES;
				CLANG_WARN_UNGUARDED_AVAILABILITY = YES_AGGRESSIVE;
				CLANG_WARN_UNREACHABLE_CODE = YES;
				CLANG_WARN__DUPLICATE_METHOD_MATCH = YES;
				COPY_PHASE_STRIP = NO;
				DEBUG_INFORMATION_FORMAT = "dwarf-with-dsym";
				ENABLE_NS_ASSERTIONS = NO;
				ENABLE_STRICT_OBJC_MSGSEND = YES;
				GCC_C_LANGUAGE_STANDARD = gnu11;
				GCC_NO_COMMON_BLOCKS = YES;
				GCC_WARN_64_TO_32_BIT_CONVERSION = YES;
				GCC_WARN_ABOUT_RETURN_TYPE = YES_ERROR;
				GCC_WARN_UNDECLARED_SELECTOR = YES;
				GCC_WARN_UNINITIALIZED_AUTOS = YES_AGGRESSIVE;
				GCC_WARN_UNUSED_FUNCTION = YES;
				GCC_WARN_UNUSED_VARIABLE = YES;
				IPHONEOS_DEPLOYMENT_TARGET = 14.5;
				MTL_ENABLE_DEBUG_INFO = NO;
				MTL_FAST_MATH = YES;
				SDKROOT = iphoneos;
				SWIFT_COMPILATION_MODE = wholemodule;
				SWIFT_OPTIMIZATION_LEVEL = "-O";
				VALIDATE_PRODUCT = YES;
			};
			name = Release;
		};
		B1A89AA02714901A000B7F11 /* Debug */ = {
			isa = XCBuildConfiguration;
			buildSettings = {
				ASSETCATALOG_COMPILER_APPICON_NAME = AppIcon;
				ASSETCATALOG_COMPILER_GLOBAL_ACCENT_COLOR_NAME = AccentColor;
				CODE_SIGN_STYLE = Automatic;
				DEVELOPMENT_TEAM = 638FLLMGVC;
				INFOPLIST_FILE = newsApp/Info.plist;
				LD_RUNPATH_SEARCH_PATHS = (
					"$(inherited)",
					"@executable_path/Frameworks",
				);
				PRODUCT_BUNDLE_IDENTIFIER = com.ladv.newsApp;
				PRODUCT_NAME = "$(TARGET_NAME)";
				SWIFT_VERSION = 5.0;
				TARGETED_DEVICE_FAMILY = "1,2";
			};
			name = Debug;
		};
		B1A89AA12714901A000B7F11 /* Release */ = {
			isa = XCBuildConfiguration;
			buildSettings = {
				ASSETCATALOG_COMPILER_APPICON_NAME = AppIcon;
				ASSETCATALOG_COMPILER_GLOBAL_ACCENT_COLOR_NAME = AccentColor;
				CODE_SIGN_STYLE = Automatic;
				DEVELOPMENT_TEAM = 638FLLMGVC;
				INFOPLIST_FILE = newsApp/Info.plist;
				LD_RUNPATH_SEARCH_PATHS = (
					"$(inherited)",
					"@executable_path/Frameworks",
				);
				PRODUCT_BUNDLE_IDENTIFIER = com.ladv.newsApp;
				PRODUCT_NAME = "$(TARGET_NAME)";
				SWIFT_VERSION = 5.0;
				TARGETED_DEVICE_FAMILY = "1,2";
			};
			name = Release;
		};
		B1A89AA32714901A000B7F11 /* Debug */ = {
			isa = XCBuildConfiguration;
			buildSettings = {
				ALWAYS_EMBED_SWIFT_STANDARD_LIBRARIES = YES;
				BUNDLE_LOADER = "$(TEST_HOST)";
				CODE_SIGN_STYLE = Automatic;
				DEVELOPMENT_TEAM = 638FLLMGVC;
				INFOPLIST_FILE = newsAppTests/Info.plist;
				IPHONEOS_DEPLOYMENT_TARGET = 14.5;
				LD_RUNPATH_SEARCH_PATHS = (
					"$(inherited)",
					"@executable_path/Frameworks",
					"@loader_path/Frameworks",
				);
				PRODUCT_BUNDLE_IDENTIFIER = com.ladv.newsAppTests;
				PRODUCT_NAME = "$(TARGET_NAME)";
				SWIFT_VERSION = 5.0;
				TARGETED_DEVICE_FAMILY = "1,2";
				TEST_HOST = "$(BUILT_PRODUCTS_DIR)/newsApp.app/newsApp";
			};
			name = Debug;
		};
		B1A89AA42714901A000B7F11 /* Release */ = {
			isa = XCBuildConfiguration;
			buildSettings = {
				ALWAYS_EMBED_SWIFT_STANDARD_LIBRARIES = YES;
				BUNDLE_LOADER = "$(TEST_HOST)";
				CODE_SIGN_STYLE = Automatic;
				DEVELOPMENT_TEAM = 638FLLMGVC;
				INFOPLIST_FILE = newsAppTests/Info.plist;
				IPHONEOS_DEPLOYMENT_TARGET = 14.5;
				LD_RUNPATH_SEARCH_PATHS = (
					"$(inherited)",
					"@executable_path/Frameworks",
					"@loader_path/Frameworks",
				);
				PRODUCT_BUNDLE_IDENTIFIER = com.ladv.newsAppTests;
				PRODUCT_NAME = "$(TARGET_NAME)";
				SWIFT_VERSION = 5.0;
				TARGETED_DEVICE_FAMILY = "1,2";
				TEST_HOST = "$(BUILT_PRODUCTS_DIR)/newsApp.app/newsApp";
			};
			name = Release;
		};
		B1A89AA62714901A000B7F11 /* Debug */ = {
			isa = XCBuildConfiguration;
			buildSettings = {
				ALWAYS_EMBED_SWIFT_STANDARD_LIBRARIES = YES;
				CODE_SIGN_STYLE = Automatic;
				DEVELOPMENT_TEAM = 638FLLMGVC;
				INFOPLIST_FILE = newsAppUITests/Info.plist;
				LD_RUNPATH_SEARCH_PATHS = (
					"$(inherited)",
					"@executable_path/Frameworks",
					"@loader_path/Frameworks",
				);
				PRODUCT_BUNDLE_IDENTIFIER = com.ladv.newsAppUITests;
				PRODUCT_NAME = "$(TARGET_NAME)";
				SWIFT_VERSION = 5.0;
				TARGETED_DEVICE_FAMILY = "1,2";
				TEST_TARGET_NAME = newsApp;
			};
			name = Debug;
		};
		B1A89AA72714901A000B7F11 /* Release */ = {
			isa = XCBuildConfiguration;
			buildSettings = {
				ALWAYS_EMBED_SWIFT_STANDARD_LIBRARIES = YES;
				CODE_SIGN_STYLE = Automatic;
				DEVELOPMENT_TEAM = 638FLLMGVC;
				INFOPLIST_FILE = newsAppUITests/Info.plist;
				LD_RUNPATH_SEARCH_PATHS = (
					"$(inherited)",
					"@executable_path/Frameworks",
					"@loader_path/Frameworks",
				);
				PRODUCT_BUNDLE_IDENTIFIER = com.ladv.newsAppUITests;
				PRODUCT_NAME = "$(TARGET_NAME)";
				SWIFT_VERSION = 5.0;
				TARGETED_DEVICE_FAMILY = "1,2";
				TEST_TARGET_NAME = newsApp;
			};
			name = Release;
		};
/* End XCBuildConfiguration section */

/* Begin XCConfigurationList section */
		B1A89A7027149018000B7F11 /* Build configuration list for PBXProject "newsApp" */ = {
			isa = XCConfigurationList;
			buildConfigurations = (
				B1A89A9D2714901A000B7F11 /* Debug */,
				B1A89A9E2714901A000B7F11 /* Release */,
			);
			defaultConfigurationIsVisible = 0;
			defaultConfigurationName = Release;
		};
		B1A89A9F2714901A000B7F11 /* Build configuration list for PBXNativeTarget "newsApp" */ = {
			isa = XCConfigurationList;
			buildConfigurations = (
				B1A89AA02714901A000B7F11 /* Debug */,
				B1A89AA12714901A000B7F11 /* Release */,
			);
			defaultConfigurationIsVisible = 0;
			defaultConfigurationName = Release;
		};
		B1A89AA22714901A000B7F11 /* Build configuration list for PBXNativeTarget "newsAppTests" */ = {
			isa = XCConfigurationList;
			buildConfigurations = (
				B1A89AA32714901A000B7F11 /* Debug */,
				B1A89AA42714901A000B7F11 /* Release */,
			);
			defaultConfigurationIsVisible = 0;
			defaultConfigurationName = Release;
		};
		B1A89AA52714901A000B7F11 /* Build configuration list for PBXNativeTarget "newsAppUITests" */ = {
			isa = XCConfigurationList;
			buildConfigurations = (
				B1A89AA62714901A000B7F11 /* Debug */,
				B1A89AA72714901A000B7F11 /* Release */,
			);
			defaultConfigurationIsVisible = 0;
			defaultConfigurationName = Release;
		};
/* End XCConfigurationList section */
	};
	rootObject = B1A89A6D27149018000B7F11 /* Project object */;
}
